// !$*UTF8*$!
{
	archiveVersion = 1;
	classes = {
	};
	objectVersion = 50;
	objects = {

/* Begin PBXBuildFile section */
		043EC04121C40C0500268953 /* AppDelegate.m in Sources */ = {isa = PBXBuildFile; fileRef = 043EC04021C40C0500268953 /* AppDelegate.m */; };
		043EC04421C40C0500268953 /* ViewController.m in Sources */ = {isa = PBXBuildFile; fileRef = 043EC04321C40C0500268953 /* ViewController.m */; };
		043EC04721C40C0500268953 /* Main.storyboard in Resources */ = {isa = PBXBuildFile; fileRef = 043EC04521C40C0500268953 /* Main.storyboard */; };
		043EC04921C40C0700268953 /* Assets.xcassets in Resources */ = {isa = PBXBuildFile; fileRef = 043EC04821C40C0700268953 /* Assets.xcassets */; };
		043EC04C21C40C0700268953 /* LaunchScreen.storyboard in Resources */ = {isa = PBXBuildFile; fileRef = 043EC04A21C40C0700268953 /* LaunchScreen.storyboard */; };
		043EC04F21C40C0700268953 /* main.m in Sources */ = {isa = PBXBuildFile; fileRef = 043EC04E21C40C0700268953 /* main.m */; };
		043EC05821C40C3A00268953 /* TouchView.m in Sources */ = {isa = PBXBuildFile; fileRef = 043EC05721C40C3A00268953 /* TouchView.m */; };
		043EC05B21C4110600268953 /* EVentDelivery.m in Sources */ = {isa = PBXBuildFile; fileRef = 043EC05A21C4110600268953 /* EVentDelivery.m */; };
		043EC05F21C4144700268953 /* BlackView.m in Sources */ = {isa = PBXBuildFile; fileRef = 043EC05E21C4144700268953 /* BlackView.m */; };
		043EC06221C4145400268953 /* BlueView.m in Sources */ = {isa = PBXBuildFile; fileRef = 043EC06121C4145400268953 /* BlueView.m */; };
		043EC06521C4145D00268953 /* RedView.m in Sources */ = {isa = PBXBuildFile; fileRef = 043EC06421C4145D00268953 /* RedView.m */; };
		043EC06821C4148000268953 /* YellowView.m in Sources */ = {isa = PBXBuildFile; fileRef = 043EC06721C4148000268953 /* YellowView.m */; };
		043EC06B21C4263200268953 /* BigThanSuper.m in Sources */ = {isa = PBXBuildFile; fileRef = 043EC06A21C4263200268953 /* BigThanSuper.m */; };
/* End PBXBuildFile section */

/* Begin PBXFileReference section */
		043EC03C21C40C0500268953 /* touchEvent.app */ = {isa = PBXFileReference; explicitFileType = wrapper.application; includeInIndex = 0; path = touchEvent.app; sourceTree = BUILT_PRODUCTS_DIR; };
		043EC03F21C40C0500268953 /* AppDelegate.h */ = {isa = PBXFileReference; lastKnownFileType = sourcecode.c.h; path = AppDelegate.h; sourceTree = "<group>"; };
		043EC04021C40C0500268953 /* AppDelegate.m */ = {isa = PBXFileReference; lastKnownFileType = sourcecode.c.objc; path = AppDelegate.m; sourceTree = "<group>"; };
		043EC04221C40C0500268953 /* ViewController.h */ = {isa = PBXFileReference; lastKnownFileType = sourcecode.c.h; path = ViewController.h; sourceTree = "<group>"; };
		043EC04321C40C0500268953 /* ViewController.m */ = {isa = PBXFileReference; lastKnownFileType = sourcecode.c.objc; path = ViewController.m; sourceTree = "<group>"; };
		043EC04621C40C0500268953 /* Base */ = {isa = PBXFileReference; lastKnownFileType = file.storyboard; name = Base; path = Base.lproj/Main.storyboard; sourceTree = "<group>"; };
		043EC04821C40C0700268953 /* Assets.xcassets */ = {isa = PBXFileReference; lastKnownFileType = folder.assetcatalog; path = Assets.xcassets; sourceTree = "<group>"; };
		043EC04B21C40C0700268953 /* Base */ = {isa = PBXFileReference; lastKnownFileType = file.storyboard; name = Base; path = Base.lproj/LaunchScreen.storyboard; sourceTree = "<group>"; };
		043EC04D21C40C0700268953 /* Info.plist */ = {isa = PBXFileReference; lastKnownFileType = text.plist.xml; path = Info.plist; sourceTree = "<group>"; };
		043EC04E21C40C0700268953 /* main.m */ = {isa = PBXFileReference; lastKnownFileType = sourcecode.c.objc; path = main.m; sourceTree = "<group>"; };
		043EC05621C40C3A00268953 /* TouchView.h */ = {isa = PBXFileReference; lastKnownFileType = sourcecode.c.h; path = TouchView.h; sourceTree = "<group>"; };
		043EC05721C40C3A00268953 /* TouchView.m */ = {isa = PBXFileReference; lastKnownFileType = sourcecode.c.objc; path = TouchView.m; sourceTree = "<group>"; };
		043EC05921C4110600268953 /* EVentDelivery.h */ = {isa = PBXFileReference; lastKnownFileType = sourcecode.c.h; path = EVentDelivery.h; sourceTree = "<group>"; };
		043EC05A21C4110600268953 /* EVentDelivery.m */ = {isa = PBXFileReference; lastKnownFileType = sourcecode.c.objc; path = EVentDelivery.m; sourceTree = "<group>"; };
		043EC05D21C4144700268953 /* BlackView.h */ = {isa = PBXFileReference; lastKnownFileType = sourcecode.c.h; path = BlackView.h; sourceTree = "<group>"; };
		043EC05E21C4144700268953 /* BlackView.m */ = {isa = PBXFileReference; lastKnownFileType = sourcecode.c.objc; path = BlackView.m; sourceTree = "<group>"; };
		043EC06021C4145400268953 /* BlueView.h */ = {isa = PBXFileReference; lastKnownFileType = sourcecode.c.h; path = BlueView.h; sourceTree = "<group>"; };
		043EC06121C4145400268953 /* BlueView.m */ = {isa = PBXFileReference; lastKnownFileType = sourcecode.c.objc; path = BlueView.m; sourceTree = "<group>"; };
		043EC06321C4145D00268953 /* RedView.h */ = {isa = PBXFileReference; lastKnownFileType = sourcecode.c.h; path = RedView.h; sourceTree = "<group>"; };
		043EC06421C4145D00268953 /* RedView.m */ = {isa = PBXFileReference; lastKnownFileType = sourcecode.c.objc; path = RedView.m; sourceTree = "<group>"; };
		043EC06621C4148000268953 /* YellowView.h */ = {isa = PBXFileReference; lastKnownFileType = sourcecode.c.h; path = YellowView.h; sourceTree = "<group>"; };
		043EC06721C4148000268953 /* YellowView.m */ = {isa = PBXFileReference; lastKnownFileType = sourcecode.c.objc; path = YellowView.m; sourceTree = "<group>"; };
		043EC06921C4263200268953 /* BigThanSuper.h */ = {isa = PBXFileReference; lastKnownFileType = sourcecode.c.h; path = BigThanSuper.h; sourceTree = "<group>"; };
		043EC06A21C4263200268953 /* BigThanSuper.m */ = {isa = PBXFileReference; lastKnownFileType = sourcecode.c.objc; path = BigThanSuper.m; sourceTree = "<group>"; };
/* End PBXFileReference section */

/* Begin PBXFrameworksBuildPhase section */
		043EC03921C40C0500268953 /* Frameworks */ = {
			isa = PBXFrameworksBuildPhase;
			buildActionMask = 2147483647;
			files = (
			);
			runOnlyForDeploymentPostprocessing = 0;
		};
/* End PBXFrameworksBuildPhase section */

/* Begin PBXGroup section */
		043EC03321C40C0500268953 = {
			isa = PBXGroup;
			children = (
				043EC03E21C40C0500268953 /* touchEvent */,
				043EC03D21C40C0500268953 /* Products */,
			);
			sourceTree = "<group>";
		};
		043EC03D21C40C0500268953 /* Products */ = {
			isa = PBXGroup;
			children = (
				043EC03C21C40C0500268953 /* touchEvent.app */,
			);
			name = Products;
			sourceTree = "<group>";
		};
		043EC03E21C40C0500268953 /* touchEvent */ = {
			isa = PBXGroup;
			children = (
				043EC05521C40C1100268953 /* View */,
				043EC03F21C40C0500268953 /* AppDelegate.h */,
				043EC04021C40C0500268953 /* AppDelegate.m */,
				043EC04221C40C0500268953 /* ViewController.h */,
				043EC04321C40C0500268953 /* ViewController.m */,
				043EC04521C40C0500268953 /* Main.storyboard */,
				043EC04821C40C0700268953 /* Assets.xcassets */,
				043EC04A21C40C0700268953 /* LaunchScreen.storyboard */,
				043EC04D21C40C0700268953 /* Info.plist */,
				043EC04E21C40C0700268953 /* main.m */,
			);
			path = touchEvent;
			sourceTree = "<group>";
		};
		043EC05521C40C1100268953 /* View */ = {
			isa = PBXGroup;
			children = (
				043EC05C21C4142700268953 /* Delievery */,
				043EC05621C40C3A00268953 /* TouchView.h */,
				043EC05721C40C3A00268953 /* TouchView.m */,
				043EC06921C4263200268953 /* BigThanSuper.h */,
				043EC06A21C4263200268953 /* BigThanSuper.m */,
			);
			path = View;
			sourceTree = "<group>";
		};
		043EC05C21C4142700268953 /* Delievery */ = {
			isa = PBXGroup;
			children = (
				043EC05921C4110600268953 /* EVentDelivery.h */,
				043EC05A21C4110600268953 /* EVentDelivery.m */,
				043EC05D21C4144700268953 /* BlackView.h */,
				043EC05E21C4144700268953 /* BlackView.m */,
				043EC06021C4145400268953 /* BlueView.h */,
				043EC06121C4145400268953 /* BlueView.m */,
				043EC06321C4145D00268953 /* RedView.h */,
				043EC06421C4145D00268953 /* RedView.m */,
				043EC06621C4148000268953 /* YellowView.h */,
				043EC06721C4148000268953 /* YellowView.m */,
			);
			path = Delievery;
			sourceTree = "<group>";
		};
/* End PBXGroup section */

/* Begin PBXNativeTarget section */
		043EC03B21C40C0500268953 /* touchEvent */ = {
			isa = PBXNativeTarget;
			buildConfigurationList = 043EC05221C40C0700268953 /* Build configuration list for PBXNativeTarget "touchEvent" */;
			buildPhases = (
				043EC03821C40C0500268953 /* Sources */,
				043EC03921C40C0500268953 /* Frameworks */,
				043EC03A21C40C0500268953 /* Resources */,
			);
			buildRules = (
			);
			dependencies = (
			);
			name = touchEvent;
			productName = touchEvent;
			productReference = 043EC03C21C40C0500268953 /* touchEvent.app */;
			productType = "com.apple.product-type.application";
		};
/* End PBXNativeTarget section */

/* Begin PBXProject section */
		043EC03421C40C0500268953 /* Project object */ = {
			isa = PBXProject;
			attributes = {
				LastUpgradeCheck = 1010;
				ORGANIZATIONNAME = JiWuChao;
				TargetAttributes = {
					043EC03B21C40C0500268953 = {
						CreatedOnToolsVersion = 10.1;
					};
				};
			};
			buildConfigurationList = 043EC03721C40C0500268953 /* Build configuration list for PBXProject "touchEvent" */;
			compatibilityVersion = "Xcode 9.3";
			developmentRegion = en;
			hasScannedForEncodings = 0;
			knownRegions = (
				en,
				Base,
			);
			mainGroup = 043EC03321C40C0500268953;
			productRefGroup = 043EC03D21C40C0500268953 /* Products */;
			projectDirPath = "";
			projectRoot = "";
			targets = (
				043EC03B21C40C0500268953 /* touchEvent */,
			);
		};
/* End PBXProject section */

/* Begin PBXResourcesBuildPhase section */
		043EC03A21C40C0500268953 /* Resources */ = {
			isa = PBXResourcesBuildPhase;
			buildActionMask = 2147483647;
			files = (
				043EC04C21C40C0700268953 /* LaunchScreen.storyboard in Resources */,
				043EC04921C40C0700268953 /* Assets.xcassets in Resources */,
				043EC04721C40C0500268953 /* Main.storyboard in Resources */,
			);
			runOnlyForDeploymentPostprocessing = 0;
		};
/* End PBXResourcesBuildPhase section */

/* Begin PBXSourcesBuildPhase section */
		043EC03821C40C0500268953 /* Sources */ = {
			isa = PBXSourcesBuildPhase;
			buildActionMask = 2147483647;
			files = (
				043EC05821C40C3A00268953 /* TouchView.m in Sources */,
				043EC06821C4148000268953 /* YellowView.m in Sources */,
				043EC04421C40C0500268953 /* ViewController.m in Sources */,
				043EC06521C4145D00268953 /* RedView.m in Sources */,
				043EC05F21C4144700268953 /* BlackView.m in Sources */,
				043EC06B21C4263200268953 /* BigThanSuper.m in Sources */,
				043EC04F21C40C0700268953 /* main.m in Sources */,
				043EC04121C40C0500268953 /* AppDelegate.m in Sources */,
				043EC06221C4145400268953 /* BlueView.m in Sources */,
				043EC05B21C4110600268953 /* EVentDelivery.m in Sources */,
			);
			runOnlyForDeploymentPostprocessing = 0;
		};
/* End PBXSourcesBuildPhase section */

/* Begin PBXVariantGroup section */
		043EC04521C40C0500268953 /* Main.storyboard */ = {
			isa = PBXVariantGroup;
			children = (
				043EC04621C40C0500268953 /* Base */,
			);
			name = Main.storyboard;
			sourceTree = "<group>";
		};
		043EC04A21C40C0700268953 /* LaunchScreen.storyboard */ = {
			isa = PBXVariantGroup;
			children = (
				043EC04B21C40C0700268953 /* Base */,
			);
			name = LaunchScreen.storyboard;
			sourceTree = "<group>";
		};
/* End PBXVariantGroup section */

/* Begin XCBuildConfiguration section */
		043EC05021C40C0700268953 /* Debug */ = {
			isa = XCBuildConfiguration;
			buildSettings = {
				ALWAYS_SEARCH_USER_PATHS = NO;
				CLANG_ANALYZER_NONNULL = YES;
				CLANG_ANALYZER_NUMBER_OBJECT_CONVERSION = YES_AGGRESSIVE;
				CLANG_CXX_LANGUAGE_STANDARD = "gnu++14";
				CLANG_CXX_LIBRARY = "libc++";
				CLANG_ENABLE_MODULES = YES;
				CLANG_ENABLE_OBJC_ARC = YES;
				CLANG_ENABLE_OBJC_WEAK = YES;
				CLANG_WARN_BLOCK_CAPTURE_AUTORELEASING = YES;
				CLANG_WARN_BOOL_CONVERSION = YES;
				CLANG_WARN_COMMA = YES;
				CLANG_WARN_CONSTANT_CONVERSION = YES;
				CLANG_WARN_DEPRECATED_OBJC_IMPLEMENTATIONS = YES;
				CLANG_WARN_DIRECT_OBJC_ISA_USAGE = YES_ERROR;
				CLANG_WARN_DOCUMENTATION_COMMENTS = YES;
				CLANG_WARN_EMPTY_BODY = YES;
				CLANG_WARN_ENUM_CONVERSION = YES;
				CLANG_WARN_INFINITE_RECURSION = YES;
				CLANG_WARN_INT_CONVERSION = YES;
				CLANG_WARN_NON_LITERAL_NULL_CONVERSION = YES;
				CLANG_WARN_OBJC_IMPLICIT_RETAIN_SELF = YES;
				CLANG_WARN_OBJC_LITERAL_CONVERSION = YES;
				CLANG_WARN_OBJC_ROOT_CLASS = YES_ERROR;
				CLANG_WARN_RANGE_LOOP_ANALYSIS = YES;
				CLANG_WARN_STRICT_PROTOTYPES = YES;
				CLANG_WARN_SUSPICIOUS_MOVE = YES;
				CLANG_WARN_UNGUARDED_AVAILABILITY = YES_AGGRESSIVE;
				CLANG_WARN_UNREACHABLE_CODE = YES;
				CLANG_WARN__DUPLICATE_METHOD_MATCH = YES;
				CODE_SIGN_IDENTITY = "iPhone Developer";
				COPY_PHASE_STRIP = NO;
				DEBUG_INFORMATION_FORMAT = dwarf;
				ENABLE_STRICT_OBJC_MSGSEND = YES;
				ENABLE_TESTABILITY = YES;
				GCC_C_LANGUAGE_STANDARD = gnu11;
				GCC_DYNAMIC_NO_PIC = NO;
				GCC_NO_COMMON_BLOCKS = YES;
				GCC_OPTIMIZATION_LEVEL = 0;
				GCC_PREPROCESSOR_DEFINITIONS = (
					"DEBUG=1",
					"$(inherited)",
				);
				GCC_WARN_64_TO_32_BIT_CONVERSION = YES;
				GCC_WARN_ABOUT_RETURN_TYPE = YES_ERROR;
				GCC_WARN_UNDECLARED_SELECTOR = YES;
				GCC_WARN_UNINITIALIZED_AUTOS = YES_AGGRESSIVE;
				GCC_WARN_UNUSED_FUNCTION = YES;
				GCC_WARN_UNUSED_VARIABLE = YES;
				IPHONEOS_DEPLOYMENT_TARGET = 12.1;
				MTL_ENABLE_DEBUG_INFO = INCLUDE_SOURCE;
				MTL_FAST_MATH = YES;
				ONLY_ACTIVE_ARCH = YES;
				SDKROOT = iphoneos;
			};
			name = Debug;
		};
		043EC05121C40C0700268953 /* Release */ = {
			isa = XCBuildConfiguration;
			buildSettings = {
				ALWAYS_SEARCH_USER_PATHS = NO;
				CLANG_ANALYZER_NONNULL = YES;
				CLANG_ANALYZER_NUMBER_OBJECT_CONVERSION = YES_AGGRESSIVE;
				CLANG_CXX_LANGUAGE_STANDARD = "gnu++14";
				CLANG_CXX_LIBRARY = "libc++";
				CLANG_ENABLE_MODULES = YES;
				CLANG_ENABLE_OBJC_ARC = YES;
				CLANG_ENABLE_OBJC_WEAK = YES;
				CLANG_WARN_BLOCK_CAPTURE_AUTORELEASING = YES;
				CLANG_WARN_BOOL_CONVERSION = YES;
				CLANG_WARN_COMMA = YES;
				CLANG_WARN_CONSTANT_CONVERSION = YES;
				CLANG_WARN_DEPRECATED_OBJC_IMPLEMENTATIONS = YES;
				CLANG_WARN_DIRECT_OBJC_ISA_USAGE = YES_ERROR;
				CLANG_WARN_DOCUMENTATION_COMMENTS = YES;
				CLANG_WARN_EMPTY_BODY = YES;
				CLANG_WARN_ENUM_CONVERSION = YES;
				CLANG_WARN_INFINITE_RECURSION = YES;
				CLANG_WARN_INT_CONVERSION = YES;
				CLANG_WARN_NON_LITERAL_NULL_CONVERSION = YES;
				CLANG_WARN_OBJC_IMPLICIT_RETAIN_SELF = YES;
				CLANG_WARN_OBJC_LITERAL_CONVERSION = YES;
				CLANG_WARN_OBJC_ROOT_CLASS = YES_ERROR;
				CLANG_WARN_RANGE_LOOP_ANALYSIS = YES;
				CLANG_WARN_STRICT_PROTOTYPES = YES;
				CLANG_WARN_SUSPICIOUS_MOVE = YES;
				CLANG_WARN_UNGUARDED_AVAILABILITY = YES_AGGRESSIVE;
				CLANG_WARN_UNREACHABLE_CODE = YES;
				CLANG_WARN__DUPLICATE_METHOD_MATCH = YES;
				CODE_SIGN_IDENTITY = "iPhone Developer";
				COPY_PHASE_STRIP = NO;
				DEBUG_INFORMATION_FORMAT = "dwarf-with-dsym";
				ENABLE_NS_ASSERTIONS = NO;
				ENABLE_STRICT_OBJC_MSGSEND = YES;
				GCC_C_LANGUAGE_STANDARD = gnu11;
				GCC_NO_COMMON_BLOCKS = YES;
				GCC_WARN_64_TO_32_BIT_CONVERSION = YES;
				GCC_WARN_ABOUT_RETURN_TYPE = YES_ERROR;
				GCC_WARN_UNDECLARED_SELECTOR = YES;
				GCC_WARN_UNINITIALIZED_AUTOS = YES_AGGRESSIVE;
				GCC_WARN_UNUSED_FUNCTION = YES;
				GCC_WARN_UNUSED_VARIABLE = YES;
				IPHONEOS_DEPLOYMENT_TARGET = 12.1;
				MTL_ENABLE_DEBUG_INFO = NO;
				MTL_FAST_MATH = YES;
				SDKROOT = iphoneos;
				VALIDATE_PRODUCT = YES;
			};
			name = Release;
		};
		043EC05321C40C0700268953 /* Debug */ = {
			isa = XCBuildConfiguration;
			buildSettings = {
				ASSETCATALOG_COMPILER_APPICON_NAME = AppIcon;
				CODE_SIGN_IDENTITY = "iPhone Developer";
				CODE_SIGN_STYLE = Automatic;
				DEVELOPMENT_TEAM = GM4A7FHJ3P;
				INFOPLIST_FILE = touchEvent/Info.plist;
				IPHONEOS_DEPLOYMENT_TARGET = 9.1;
				LD_RUNPATH_SEARCH_PATHS = (
					"$(inherited)",
					"@executable_path/Frameworks",
				);
				PRODUCT_BUNDLE_IDENTIFIER = JiWuChao.touchEvent.jwc;
				PRODUCT_NAME = "$(TARGET_NAME)";
				PROVISIONING_PROFILE_SPECIFIER = "";
				TARGETED_DEVICE_FAMILY = "1,2";
			};
			name = Debug;
		};
		043EC05421C40C0700268953 /* Release */ = {
			isa = XCBuildConfiguration;
			buildSettings = {
				ASSETCATALOG_COMPILER_APPICON_NAME = AppIcon;
				CODE_SIGN_IDENTITY = "iPhone Developer";
				CODE_SIGN_STYLE = Automatic;
				DEVELOPMENT_TEAM = GM4A7FHJ3P;
				INFOPLIST_FILE = touchEvent/Info.plist;
				IPHONEOS_DEPLOYMENT_TARGET = 9.1;
				LD_RUNPATH_SEARCH_PATHS = (
					"$(inherited)",
					"@executable_path/Frameworks",
				);
				PRODUCT_BUNDLE_IDENTIFIER = JiWuChao.touchEvent.jwc;
				PRODUCT_NAME = "$(TARGET_NAME)";
				PROVISIONING_PROFILE_SPECIFIER = "";
				TARGETED_DEVICE_FAMILY = "1,2";
			};
			name = Release;
		};
/* End XCBuildConfiguration section */

/* Begin XCConfigurationList section */
		043EC03721C40C0500268953 /* Build configuration list for PBXProject "touchEvent" */ = {
			isa = XCConfigurationList;
			buildConfigurations = (
				043EC05021C40C0700268953 /* Debug */,
				043EC05121C40C0700268953 /* Release */,
			);
			defaultConfigurationIsVisible = 0;
			defaultConfigurationName = Release;
		};
		043EC05221C40C0700268953 /* Build configuration list for PBXNativeTarget "touchEvent" */ = {
			isa = XCConfigurationList;
			buildConfigurations = (
				043EC05321C40C0700268953 /* Debug */,
				043EC05421C40C0700268953 /* Release */,
			);
			defaultConfigurationIsVisible = 0;
			defaultConfigurationName = Release;
		};
/* End XCConfigurationList section */
	};
	rootObject = 043EC03421C40C0500268953 /* Project object */;
}
