// !$*UTF8*$!
{
	archiveVersion = 1;
	classes = {
	};
	objectVersion = 50;
	objects = {

/* Begin PBXBuildFile section */
		040DF5B32126E3A70017DBDA /* AppDelegate.m in Sources */ = {isa = PBXBuildFile; fileRef = 040DF5B22126E3A70017DBDA /* AppDelegate.m */; };
		040DF5B92126E3A70017DBDA /* Main.storyboard in Resources */ = {isa = PBXBuildFile; fileRef = 040DF5B72126E3A70017DBDA /* Main.storyboard */; };
		040DF5BB2126E3AA0017DBDA /* Assets.xcassets in Resources */ = {isa = PBXBuildFile; fileRef = 040DF5BA2126E3AA0017DBDA /* Assets.xcassets */; };
		040DF5BE2126E3AA0017DBDA /* LaunchScreen.storyboard in Resources */ = {isa = PBXBuildFile; fileRef = 040DF5BC2126E3AA0017DBDA /* LaunchScreen.storyboard */; };
		040DF5C12126E3AA0017DBDA /* main.m in Sources */ = {isa = PBXBuildFile; fileRef = 040DF5C02126E3AA0017DBDA /* main.m */; };
		040DF5C92126E6E20017DBDA /* PeopleModel.m in Sources */ = {isa = PBXBuildFile; fileRef = 040DF5C82126E6E20017DBDA /* PeopleModel.m */; };
		040DF5CC2126E7120017DBDA /* NSObject+Property.m in Sources */ = {isa = PBXBuildFile; fileRef = 040DF5CB2126E7120017DBDA /* NSObject+Property.m */; };
		040DF5D42126F5B40017DBDA /* JWCProperty.m in Sources */ = {isa = PBXBuildFile; fileRef = 040DF5D32126F5B40017DBDA /* JWCProperty.m */; };
		040DF5D72126F9D40017DBDA /* JWCPropertyType.m in Sources */ = {isa = PBXBuildFile; fileRef = 040DF5D62126F9D40017DBDA /* JWCPropertyType.m */; };
		040DF5DA2126FCCE0017DBDA /* JWCExtensionConst.m in Sources */ = {isa = PBXBuildFile; fileRef = 040DF5D92126FCCE0017DBDA /* JWCExtensionConst.m */; };
		0458A91121280C8200CEF3A6 /* NSObject+JWCKeyValueObject.m in Sources */ = {isa = PBXBuildFile; fileRef = 0458A91021280C8200CEF3A6 /* NSObject+JWCKeyValueObject.m */; };
		0458A91421281BA000CEF3A6 /* ViewController.m in Sources */ = {isa = PBXBuildFile; fileRef = 0458A91321281BA000CEF3A6 /* ViewController.m */; };
		04867640212A969F00A44918 /* AnimalModel.m in Sources */ = {isa = PBXBuildFile; fileRef = 0486763F212A969F00A44918 /* AnimalModel.m */; };
/* End PBXBuildFile section */

/* Begin PBXFileReference section */
		040DF5AE2126E3A70017DBDA /* runtime-字典转模型.app */ = {isa = PBXFileReference; explicitFileType = wrapper.application; includeInIndex = 0; path = "runtime-字典转模型.app"; sourceTree = BUILT_PRODUCTS_DIR; };
		040DF5B12126E3A70017DBDA /* AppDelegate.h */ = {isa = PBXFileReference; lastKnownFileType = sourcecode.c.h; path = AppDelegate.h; sourceTree = "<group>"; };
		040DF5B22126E3A70017DBDA /* AppDelegate.m */ = {isa = PBXFileReference; lastKnownFileType = sourcecode.c.objc; path = AppDelegate.m; sourceTree = "<group>"; };
		040DF5B82126E3A70017DBDA /* Base */ = {isa = PBXFileReference; lastKnownFileType = file.storyboard; name = Base; path = Base.lproj/Main.storyboard; sourceTree = "<group>"; };
		040DF5BA2126E3AA0017DBDA /* Assets.xcassets */ = {isa = PBXFileReference; lastKnownFileType = folder.assetcatalog; path = Assets.xcassets; sourceTree = "<group>"; };
		040DF5BD2126E3AA0017DBDA /* Base */ = {isa = PBXFileReference; lastKnownFileType = file.storyboard; name = Base; path = Base.lproj/LaunchScreen.storyboard; sourceTree = "<group>"; };
		040DF5BF2126E3AA0017DBDA /* Info.plist */ = {isa = PBXFileReference; lastKnownFileType = text.plist.xml; path = Info.plist; sourceTree = "<group>"; };
		040DF5C02126E3AA0017DBDA /* main.m */ = {isa = PBXFileReference; lastKnownFileType = sourcecode.c.objc; path = main.m; sourceTree = "<group>"; };
		040DF5C72126E6E20017DBDA /* PeopleModel.h */ = {isa = PBXFileReference; lastKnownFileType = sourcecode.c.h; path = PeopleModel.h; sourceTree = "<group>"; };
		040DF5C82126E6E20017DBDA /* PeopleModel.m */ = {isa = PBXFileReference; lastKnownFileType = sourcecode.c.objc; path = PeopleModel.m; sourceTree = "<group>"; };
		040DF5CA2126E7120017DBDA /* NSObject+Property.h */ = {isa = PBXFileReference; lastKnownFileType = sourcecode.c.h; path = "NSObject+Property.h"; sourceTree = "<group>"; };
		040DF5CB2126E7120017DBDA /* NSObject+Property.m */ = {isa = PBXFileReference; lastKnownFileType = sourcecode.c.objc; path = "NSObject+Property.m"; sourceTree = "<group>"; };
		040DF5D22126F5B40017DBDA /* JWCProperty.h */ = {isa = PBXFileReference; lastKnownFileType = sourcecode.c.h; path = JWCProperty.h; sourceTree = "<group>"; };
		040DF5D32126F5B40017DBDA /* JWCProperty.m */ = {isa = PBXFileReference; lastKnownFileType = sourcecode.c.objc; path = JWCProperty.m; sourceTree = "<group>"; };
		040DF5D52126F9D40017DBDA /* JWCPropertyType.h */ = {isa = PBXFileReference; lastKnownFileType = sourcecode.c.h; path = JWCPropertyType.h; sourceTree = "<group>"; };
		040DF5D62126F9D40017DBDA /* JWCPropertyType.m */ = {isa = PBXFileReference; lastKnownFileType = sourcecode.c.objc; path = JWCPropertyType.m; sourceTree = "<group>"; };
		040DF5D82126FCCE0017DBDA /* JWCExtensionConst.h */ = {isa = PBXFileReference; lastKnownFileType = sourcecode.c.h; path = JWCExtensionConst.h; sourceTree = "<group>"; };
		040DF5D92126FCCE0017DBDA /* JWCExtensionConst.m */ = {isa = PBXFileReference; lastKnownFileType = sourcecode.c.objc; path = JWCExtensionConst.m; sourceTree = "<group>"; };
		0458A90F21280C8200CEF3A6 /* NSObject+JWCKeyValueObject.h */ = {isa = PBXFileReference; lastKnownFileType = sourcecode.c.h; path = "NSObject+JWCKeyValueObject.h"; sourceTree = "<group>"; };
		0458A91021280C8200CEF3A6 /* NSObject+JWCKeyValueObject.m */ = {isa = PBXFileReference; lastKnownFileType = sourcecode.c.objc; path = "NSObject+JWCKeyValueObject.m"; sourceTree = "<group>"; };
		0458A91221281BA000CEF3A6 /* ViewController.h */ = {isa = PBXFileReference; lastKnownFileType = sourcecode.c.h; path = ViewController.h; sourceTree = "<group>"; };
		0458A91321281BA000CEF3A6 /* ViewController.m */ = {isa = PBXFileReference; lastKnownFileType = sourcecode.c.objc; path = ViewController.m; sourceTree = "<group>"; };
		0486763E212A969F00A44918 /* AnimalModel.h */ = {isa = PBXFileReference; lastKnownFileType = sourcecode.c.h; path = AnimalModel.h; sourceTree = "<group>"; };
		0486763F212A969F00A44918 /* AnimalModel.m */ = {isa = PBXFileReference; lastKnownFileType = sourcecode.c.objc; path = AnimalModel.m; sourceTree = "<group>"; };
/* End PBXFileReference section */

/* Begin PBXFrameworksBuildPhase section */
		040DF5AB2126E3A70017DBDA /* Frameworks */ = {
			isa = PBXFrameworksBuildPhase;
			buildActionMask = 2147483647;
			files = (
			);
			runOnlyForDeploymentPostprocessing = 0;
		};
/* End PBXFrameworksBuildPhase section */

/* Begin PBXGroup section */
		040DF5A52126E3A70017DBDA = {
			isa = PBXGroup;
			children = (
				040DF5B02126E3A70017DBDA /* runtime-字典转模型 */,
				040DF5AF2126E3A70017DBDA /* Products */,
			);
			sourceTree = "<group>";
		};
		040DF5AF2126E3A70017DBDA /* Products */ = {
			isa = PBXGroup;
			children = (
				040DF5AE2126E3A70017DBDA /* runtime-字典转模型.app */,
			);
			name = Products;
			sourceTree = "<group>";
		};
		040DF5B02126E3A70017DBDA /* runtime-字典转模型 */ = {
			isa = PBXGroup;
			children = (
				040DF5CE2126EFF10017DBDA /* Model */,
				040DF5CD2126EFE50017DBDA /* Tool */,
				040DF5B12126E3A70017DBDA /* AppDelegate.h */,
				040DF5B22126E3A70017DBDA /* AppDelegate.m */,
				0458A91221281BA000CEF3A6 /* ViewController.h */,
				0458A91321281BA000CEF3A6 /* ViewController.m */,
				040DF5B72126E3A70017DBDA /* Main.storyboard */,
				040DF5BA2126E3AA0017DBDA /* Assets.xcassets */,
				040DF5BC2126E3AA0017DBDA /* LaunchScreen.storyboard */,
				040DF5BF2126E3AA0017DBDA /* Info.plist */,
				040DF5C02126E3AA0017DBDA /* main.m */,
			);
			path = "runtime-字典转模型";
			sourceTree = "<group>";
		};
		040DF5CD2126EFE50017DBDA /* Tool */ = {
			isa = PBXGroup;
			children = (
				040DF5CA2126E7120017DBDA /* NSObject+Property.h */,
				040DF5CB2126E7120017DBDA /* NSObject+Property.m */,
				040DF5D22126F5B40017DBDA /* JWCProperty.h */,
				040DF5D32126F5B40017DBDA /* JWCProperty.m */,
				040DF5D52126F9D40017DBDA /* JWCPropertyType.h */,
				040DF5D62126F9D40017DBDA /* JWCPropertyType.m */,
				040DF5D82126FCCE0017DBDA /* JWCExtensionConst.h */,
				040DF5D92126FCCE0017DBDA /* JWCExtensionConst.m */,
				0458A90F21280C8200CEF3A6 /* NSObject+JWCKeyValueObject.h */,
				0458A91021280C8200CEF3A6 /* NSObject+JWCKeyValueObject.m */,
			);
			path = Tool;
			sourceTree = "<group>";
		};
		040DF5CE2126EFF10017DBDA /* Model */ = {
			isa = PBXGroup;
			children = (
				040DF5C72126E6E20017DBDA /* PeopleModel.h */,
				040DF5C82126E6E20017DBDA /* PeopleModel.m */,
				0486763E212A969F00A44918 /* AnimalModel.h */,
				0486763F212A969F00A44918 /* AnimalModel.m */,
			);
			path = Model;
			sourceTree = "<group>";
		};
/* End PBXGroup section */

/* Begin PBXNativeTarget section */
		040DF5AD2126E3A70017DBDA /* runtime-字典转模型 */ = {
			isa = PBXNativeTarget;
			buildConfigurationList = 040DF5C42126E3AA0017DBDA /* Build configuration list for PBXNativeTarget "runtime-字典转模型" */;
			buildPhases = (
				040DF5AA2126E3A70017DBDA /* Sources */,
				040DF5AB2126E3A70017DBDA /* Frameworks */,
				040DF5AC2126E3A70017DBDA /* Resources */,
			);
			buildRules = (
			);
			dependencies = (
			);
			name = "runtime-字典转模型";
			productName = "runtime-字典转模型";
			productReference = 040DF5AE2126E3A70017DBDA /* runtime-字典转模型.app */;
			productType = "com.apple.product-type.application";
		};
/* End PBXNativeTarget section */

/* Begin PBXProject section */
		040DF5A62126E3A70017DBDA /* Project object */ = {
			isa = PBXProject;
			attributes = {
				LastUpgradeCheck = 0940;
				ORGANIZATIONNAME = JiWuChao;
				TargetAttributes = {
					040DF5AD2126E3A70017DBDA = {
						CreatedOnToolsVersion = 9.4.1;
					};
				};
			};
			buildConfigurationList = 040DF5A92126E3A70017DBDA /* Build configuration list for PBXProject "runtime-字典转模型" */;
			compatibilityVersion = "Xcode 9.3";
			developmentRegion = en;
			hasScannedForEncodings = 0;
			knownRegions = (
				en,
				Base,
			);
			mainGroup = 040DF5A52126E3A70017DBDA;
			productRefGroup = 040DF5AF2126E3A70017DBDA /* Products */;
			projectDirPath = "";
			projectRoot = "";
			targets = (
				040DF5AD2126E3A70017DBDA /* runtime-字典转模型 */,
			);
		};
/* End PBXProject section */

/* Begin PBXResourcesBuildPhase section */
		040DF5AC2126E3A70017DBDA /* Resources */ = {
			isa = PBXResourcesBuildPhase;
			buildActionMask = 2147483647;
			files = (
				040DF5BE2126E3AA0017DBDA /* LaunchScreen.storyboard in Resources */,
				040DF5BB2126E3AA0017DBDA /* Assets.xcassets in Resources */,
				040DF5B92126E3A70017DBDA /* Main.storyboard in Resources */,
			);
			runOnlyForDeploymentPostprocessing = 0;
		};
/* End PBXResourcesBuildPhase section */

/* Begin PBXSourcesBuildPhase section */
		040DF5AA2126E3A70017DBDA /* Sources */ = {
			isa = PBXSourcesBuildPhase;
			buildActionMask = 2147483647;
			files = (
				0458A91421281BA000CEF3A6 /* ViewController.m in Sources */,
				040DF5C12126E3AA0017DBDA /* main.m in Sources */,
				040DF5C92126E6E20017DBDA /* PeopleModel.m in Sources */,
				040DF5D42126F5B40017DBDA /* JWCProperty.m in Sources */,
				04867640212A969F00A44918 /* AnimalModel.m in Sources */,
				040DF5CC2126E7120017DBDA /* NSObject+Property.m in Sources */,
				0458A91121280C8200CEF3A6 /* NSObject+JWCKeyValueObject.m in Sources */,
				040DF5B32126E3A70017DBDA /* AppDelegate.m in Sources */,
				040DF5DA2126FCCE0017DBDA /* JWCExtensionConst.m in Sources */,
				040DF5D72126F9D40017DBDA /* JWCPropertyType.m in Sources */,
			);
			runOnlyForDeploymentPostprocessing = 0;
		};
/* End PBXSourcesBuildPhase section */

/* Begin PBXVariantGroup section */
		040DF5B72126E3A70017DBDA /* Main.storyboard */ = {
			isa = PBXVariantGroup;
			children = (
				040DF5B82126E3A70017DBDA /* Base */,
			);
			name = Main.storyboard;
			sourceTree = "<group>";
		};
		040DF5BC2126E3AA0017DBDA /* LaunchScreen.storyboard */ = {
			isa = PBXVariantGroup;
			children = (
				040DF5BD2126E3AA0017DBDA /* Base */,
			);
			name = LaunchScreen.storyboard;
			sourceTree = "<group>";
		};
/* End PBXVariantGroup section */

/* Begin XCBuildConfiguration section */
		040DF5C22126E3AA0017DBDA /* Debug */ = {
			isa = XCBuildConfiguration;
			buildSettings = {
				ALWAYS_SEARCH_USER_PATHS = NO;
				CLANG_ANALYZER_NONNULL = YES;
				CLANG_ANALYZER_NUMBER_OBJECT_CONVERSION = YES_AGGRESSIVE;
				CLANG_CXX_LANGUAGE_STANDARD = "gnu++14";
				CLANG_CXX_LIBRARY = "libc++";
				CLANG_ENABLE_MODULES = YES;
				CLANG_ENABLE_OBJC_ARC = YES;
				CLANG_ENABLE_OBJC_WEAK = YES;
				CLANG_WARN_BLOCK_CAPTURE_AUTORELEASING = YES;
				CLANG_WARN_BOOL_CONVERSION = YES;
				CLANG_WARN_COMMA = YES;
				CLANG_WARN_CONSTANT_CONVERSION = YES;
				CLANG_WARN_DEPRECATED_OBJC_IMPLEMENTATIONS = YES;
				CLANG_WARN_DIRECT_OBJC_ISA_USAGE = YES_ERROR;
				CLANG_WARN_DOCUMENTATION_COMMENTS = YES;
				CLANG_WARN_EMPTY_BODY = YES;
				CLANG_WARN_ENUM_CONVERSION = YES;
				CLANG_WARN_INFINITE_RECURSION = YES;
				CLANG_WARN_INT_CONVERSION = YES;
				CLANG_WARN_NON_LITERAL_NULL_CONVERSION = YES;
				CLANG_WARN_OBJC_IMPLICIT_RETAIN_SELF = YES;
				CLANG_WARN_OBJC_LITERAL_CONVERSION = YES;
				CLANG_WARN_OBJC_ROOT_CLASS = YES_ERROR;
				CLANG_WARN_RANGE_LOOP_ANALYSIS = YES;
				CLANG_WARN_STRICT_PROTOTYPES = YES;
				CLANG_WARN_SUSPICIOUS_MOVE = YES;
				CLANG_WARN_UNGUARDED_AVAILABILITY = YES_AGGRESSIVE;
				CLANG_WARN_UNREACHABLE_CODE = YES;
				CLANG_WARN__DUPLICATE_METHOD_MATCH = YES;
				CODE_SIGN_IDENTITY = "iPhone Developer";
				COPY_PHASE_STRIP = NO;
				DEBUG_INFORMATION_FORMAT = dwarf;
				ENABLE_STRICT_OBJC_MSGSEND = YES;
				ENABLE_TESTABILITY = YES;
				GCC_C_LANGUAGE_STANDARD = gnu11;
				GCC_DYNAMIC_NO_PIC = NO;
				GCC_NO_COMMON_BLOCKS = YES;
				GCC_OPTIMIZATION_LEVEL = 0;
				GCC_PREPROCESSOR_DEFINITIONS = (
					"DEBUG=1",
					"$(inherited)",
				);
				GCC_WARN_64_TO_32_BIT_CONVERSION = YES;
				GCC_WARN_ABOUT_RETURN_TYPE = YES_ERROR;
				GCC_WARN_UNDECLARED_SELECTOR = YES;
				GCC_WARN_UNINITIALIZED_AUTOS = YES_AGGRESSIVE;
				GCC_WARN_UNUSED_FUNCTION = YES;
				GCC_WARN_UNUSED_VARIABLE = YES;
				IPHONEOS_DEPLOYMENT_TARGET = 11.4;
				MTL_ENABLE_DEBUG_INFO = YES;
				ONLY_ACTIVE_ARCH = YES;
				SDKROOT = iphoneos;
			};
			name = Debug;
		};
		040DF5C32126E3AA0017DBDA /* Release */ = {
			isa = XCBuildConfiguration;
			buildSettings = {
				ALWAYS_SEARCH_USER_PATHS = NO;
				CLANG_ANALYZER_NONNULL = YES;
				CLANG_ANALYZER_NUMBER_OBJECT_CONVERSION = YES_AGGRESSIVE;
				CLANG_CXX_LANGUAGE_STANDARD = "gnu++14";
				CLANG_CXX_LIBRARY = "libc++";
				CLANG_ENABLE_MODULES = YES;
				CLANG_ENABLE_OBJC_ARC = YES;
				CLANG_ENABLE_OBJC_WEAK = YES;
				CLANG_WARN_BLOCK_CAPTURE_AUTORELEASING = YES;
				CLANG_WARN_BOOL_CONVERSION = YES;
				CLANG_WARN_COMMA = YES;
				CLANG_WARN_CONSTANT_CONVERSION = YES;
				CLANG_WARN_DEPRECATED_OBJC_IMPLEMENTATIONS = YES;
				CLANG_WARN_DIRECT_OBJC_ISA_USAGE = YES_ERROR;
				CLANG_WARN_DOCUMENTATION_COMMENTS = YES;
				CLANG_WARN_EMPTY_BODY = YES;
				CLANG_WARN_ENUM_CONVERSION = YES;
				CLANG_WARN_INFINITE_RECURSION = YES;
				CLANG_WARN_INT_CONVERSION = YES;
				CLANG_WARN_NON_LITERAL_NULL_CONVERSION = YES;
				CLANG_WARN_OBJC_IMPLICIT_RETAIN_SELF = YES;
				CLANG_WARN_OBJC_LITERAL_CONVERSION = YES;
				CLANG_WARN_OBJC_ROOT_CLASS = YES_ERROR;
				CLANG_WARN_RANGE_LOOP_ANALYSIS = YES;
				CLANG_WARN_STRICT_PROTOTYPES = YES;
				CLANG_WARN_SUSPICIOUS_MOVE = YES;
				CLANG_WARN_UNGUARDED_AVAILABILITY = YES_AGGRESSIVE;
				CLANG_WARN_UNREACHABLE_CODE = YES;
				CLANG_WARN__DUPLICATE_METHOD_MATCH = YES;
				CODE_SIGN_IDENTITY = "iPhone Developer";
				COPY_PHASE_STRIP = NO;
				DEBUG_INFORMATION_FORMAT = "dwarf-with-dsym";
				ENABLE_NS_ASSERTIONS = NO;
				ENABLE_STRICT_OBJC_MSGSEND = YES;
				GCC_C_LANGUAGE_STANDARD = gnu11;
				GCC_NO_COMMON_BLOCKS = YES;
				GCC_WARN_64_TO_32_BIT_CONVERSION = YES;
				GCC_WARN_ABOUT_RETURN_TYPE = YES_ERROR;
				GCC_WARN_UNDECLARED_SELECTOR = YES;
				GCC_WARN_UNINITIALIZED_AUTOS = YES_AGGRESSIVE;
				GCC_WARN_UNUSED_FUNCTION = YES;
				GCC_WARN_UNUSED_VARIABLE = YES;
				IPHONEOS_DEPLOYMENT_TARGET = 11.4;
				MTL_ENABLE_DEBUG_INFO = NO;
				SDKROOT = iphoneos;
				VALIDATE_PRODUCT = YES;
			};
			name = Release;
		};
		040DF5C52126E3AA0017DBDA /* Debug */ = {
			isa = XCBuildConfiguration;
			buildSettings = {
				ASSETCATALOG_COMPILER_APPICON_NAME = AppIcon;
				CODE_SIGN_STYLE = Automatic;
				INFOPLIST_FILE = "runtime-字典转模型/Info.plist";
				LD_RUNPATH_SEARCH_PATHS = (
					"$(inherited)",
					"@executable_path/Frameworks",
				);
				PRODUCT_BUNDLE_IDENTIFIER = "jiwuchao.com.runtime------";
				PRODUCT_NAME = "$(TARGET_NAME)";
				TARGETED_DEVICE_FAMILY = "1,2";
			};
			name = Debug;
		};
		040DF5C62126E3AA0017DBDA /* Release */ = {
			isa = XCBuildConfiguration;
			buildSettings = {
				ASSETCATALOG_COMPILER_APPICON_NAME = AppIcon;
				CODE_SIGN_STYLE = Automatic;
				INFOPLIST_FILE = "runtime-字典转模型/Info.plist";
				LD_RUNPATH_SEARCH_PATHS = (
					"$(inherited)",
					"@executable_path/Frameworks",
				);
				PRODUCT_BUNDLE_IDENTIFIER = "jiwuchao.com.runtime------";
				PRODUCT_NAME = "$(TARGET_NAME)";
				TARGETED_DEVICE_FAMILY = "1,2";
			};
			name = Release;
		};
/* End XCBuildConfiguration section */

/* Begin XCConfigurationList section */
		040DF5A92126E3A70017DBDA /* Build configuration list for PBXProject "runtime-字典转模型" */ = {
			isa = XCConfigurationList;
			buildConfigurations = (
				040DF5C22126E3AA0017DBDA /* Debug */,
				040DF5C32126E3AA0017DBDA /* Release */,
			);
			defaultConfigurationIsVisible = 0;
			defaultConfigurationName = Release;
		};
		040DF5C42126E3AA0017DBDA /* Build configuration list for PBXNativeTarget "runtime-字典转模型" */ = {
			isa = XCConfigurationList;
			buildConfigurations = (
				040DF5C52126E3AA0017DBDA /* Debug */,
				040DF5C62126E3AA0017DBDA /* Release */,
			);
			defaultConfigurationIsVisible = 0;
			defaultConfigurationName = Release;
		};
/* End XCConfigurationList section */
	};
	rootObject = 040DF5A62126E3A70017DBDA /* Project object */;
}
