// !$*UTF8*$!
{
	archiveVersion = 1;
	classes = {
	};
	objectVersion = 50;
	objects = {

/* Begin PBXBuildFile section */
		043991C62120358C00B812CB /* AppDelegate.m in Sources */ = {isa = PBXBuildFile; fileRef = 043991C52120358C00B812CB /* AppDelegate.m */; };
		043991C92120358C00B812CB /* ViewController.m in Sources */ = {isa = PBXBuildFile; fileRef = 043991C82120358C00B812CB /* ViewController.m */; };
		043991CC2120358C00B812CB /* Main.storyboard in Resources */ = {isa = PBXBuildFile; fileRef = 043991CA2120358C00B812CB /* Main.storyboard */; };
		043991CE2120358D00B812CB /* Assets.xcassets in Resources */ = {isa = PBXBuildFile; fileRef = 043991CD2120358D00B812CB /* Assets.xcassets */; };
		043991D12120358D00B812CB /* LaunchScreen.storyboard in Resources */ = {isa = PBXBuildFile; fileRef = 043991CF2120358D00B812CB /* LaunchScreen.storyboard */; };
		043991D42120358D00B812CB /* main.m in Sources */ = {isa = PBXBuildFile; fileRef = 043991D32120358D00B812CB /* main.m */; };
		043991F121203D9600B812CB /* Father.m in Sources */ = {isa = PBXBuildFile; fileRef = 043991F021203D9600B812CB /* Father.m */; };
		043991F421203D9F00B812CB /* Grandfather.m in Sources */ = {isa = PBXBuildFile; fileRef = 043991F321203D9F00B812CB /* Grandfather.m */; };
		043991F721203DA600B812CB /* Mother.m in Sources */ = {isa = PBXBuildFile; fileRef = 043991F521203DA600B812CB /* Mother.m */; };
		043991FA2120413300B812CB /* Son.m in Sources */ = {isa = PBXBuildFile; fileRef = 043991F92120413300B812CB /* Son.m */; };
/* End PBXBuildFile section */

/* Begin PBXFileReference section */
		043991C12120358C00B812CB /* runtime 消息转发3--消息转发.app */ = {isa = PBXFileReference; explicitFileType = wrapper.application; includeInIndex = 0; path = "runtime 消息转发3--消息转发.app"; sourceTree = BUILT_PRODUCTS_DIR; };
		043991C42120358C00B812CB /* AppDelegate.h */ = {isa = PBXFileReference; lastKnownFileType = sourcecode.c.h; path = AppDelegate.h; sourceTree = "<group>"; };
		043991C52120358C00B812CB /* AppDelegate.m */ = {isa = PBXFileReference; lastKnownFileType = sourcecode.c.objc; path = AppDelegate.m; sourceTree = "<group>"; };
		043991C72120358C00B812CB /* ViewController.h */ = {isa = PBXFileReference; lastKnownFileType = sourcecode.c.h; path = ViewController.h; sourceTree = "<group>"; };
		043991C82120358C00B812CB /* ViewController.m */ = {isa = PBXFileReference; lastKnownFileType = sourcecode.c.objc; path = ViewController.m; sourceTree = "<group>"; };
		043991CB2120358C00B812CB /* Base */ = {isa = PBXFileReference; lastKnownFileType = file.storyboard; name = Base; path = Base.lproj/Main.storyboard; sourceTree = "<group>"; };
		043991CD2120358D00B812CB /* Assets.xcassets */ = {isa = PBXFileReference; lastKnownFileType = folder.assetcatalog; path = Assets.xcassets; sourceTree = "<group>"; };
		043991D02120358D00B812CB /* Base */ = {isa = PBXFileReference; lastKnownFileType = file.storyboard; name = Base; path = Base.lproj/LaunchScreen.storyboard; sourceTree = "<group>"; };
		043991D22120358D00B812CB /* Info.plist */ = {isa = PBXFileReference; lastKnownFileType = text.plist.xml; path = Info.plist; sourceTree = "<group>"; };
		043991D32120358D00B812CB /* main.m */ = {isa = PBXFileReference; lastKnownFileType = sourcecode.c.objc; path = main.m; sourceTree = "<group>"; };
		043991EF21203D9500B812CB /* Father.h */ = {isa = PBXFileReference; fileEncoding = 4; lastKnownFileType = sourcecode.c.h; path = Father.h; sourceTree = "<group>"; };
		043991F021203D9600B812CB /* Father.m */ = {isa = PBXFileReference; fileEncoding = 4; lastKnownFileType = sourcecode.c.objc; path = Father.m; sourceTree = "<group>"; };
		043991F221203D9F00B812CB /* Grandfather.h */ = {isa = PBXFileReference; fileEncoding = 4; lastKnownFileType = sourcecode.c.h; path = Grandfather.h; sourceTree = "<group>"; };
		043991F321203D9F00B812CB /* Grandfather.m */ = {isa = PBXFileReference; fileEncoding = 4; lastKnownFileType = sourcecode.c.objc; path = Grandfather.m; sourceTree = "<group>"; };
		043991F521203DA600B812CB /* Mother.m */ = {isa = PBXFileReference; fileEncoding = 4; lastKnownFileType = sourcecode.c.objc; path = Mother.m; sourceTree = "<group>"; };
		043991F621203DA600B812CB /* Mother.h */ = {isa = PBXFileReference; fileEncoding = 4; lastKnownFileType = sourcecode.c.h; path = Mother.h; sourceTree = "<group>"; };
		043991F82120413300B812CB /* Son.h */ = {isa = PBXFileReference; lastKnownFileType = sourcecode.c.h; path = Son.h; sourceTree = "<group>"; };
		043991F92120413300B812CB /* Son.m */ = {isa = PBXFileReference; lastKnownFileType = sourcecode.c.objc; path = Son.m; sourceTree = "<group>"; };
/* End PBXFileReference section */

/* Begin PBXFrameworksBuildPhase section */
		043991BE2120358C00B812CB /* Frameworks */ = {
			isa = PBXFrameworksBuildPhase;
			buildActionMask = 2147483647;
			files = (
			);
			runOnlyForDeploymentPostprocessing = 0;
		};
/* End PBXFrameworksBuildPhase section */

/* Begin PBXGroup section */
		043991B82120358C00B812CB = {
			isa = PBXGroup;
			children = (
				043991C32120358C00B812CB /* runtime 消息转发3--消息转发 */,
				043991C22120358C00B812CB /* Products */,
			);
			sourceTree = "<group>";
		};
		043991C22120358C00B812CB /* Products */ = {
			isa = PBXGroup;
			children = (
				043991C12120358C00B812CB /* runtime 消息转发3--消息转发.app */,
			);
			name = Products;
			sourceTree = "<group>";
		};
		043991C32120358C00B812CB /* runtime 消息转发3--消息转发 */ = {
			isa = PBXGroup;
			children = (
				043991F621203DA600B812CB /* Mother.h */,
				043991F521203DA600B812CB /* Mother.m */,
				043991F221203D9F00B812CB /* Grandfather.h */,
				043991F321203D9F00B812CB /* Grandfather.m */,
				043991EF21203D9500B812CB /* Father.h */,
				043991F021203D9600B812CB /* Father.m */,
				043991F82120413300B812CB /* Son.h */,
				043991F92120413300B812CB /* Son.m */,
				043991C42120358C00B812CB /* AppDelegate.h */,
				043991C52120358C00B812CB /* AppDelegate.m */,
				043991C72120358C00B812CB /* ViewController.h */,
				043991C82120358C00B812CB /* ViewController.m */,
				043991CA2120358C00B812CB /* Main.storyboard */,
				043991CD2120358D00B812CB /* Assets.xcassets */,
				043991CF2120358D00B812CB /* LaunchScreen.storyboard */,
				043991D22120358D00B812CB /* Info.plist */,
				043991D32120358D00B812CB /* main.m */,
			);
			path = "runtime 消息转发3--消息转发";
			sourceTree = "<group>";
		};
/* End PBXGroup section */

/* Begin PBXNativeTarget section */
		043991C02120358C00B812CB /* runtime 消息转发3--消息转发 */ = {
			isa = PBXNativeTarget;
			buildConfigurationList = 043991D72120358D00B812CB /* Build configuration list for PBXNativeTarget "runtime 消息转发3--消息转发" */;
			buildPhases = (
				043991BD2120358C00B812CB /* Sources */,
				043991BE2120358C00B812CB /* Frameworks */,
				043991BF2120358C00B812CB /* Resources */,
			);
			buildRules = (
			);
			dependencies = (
			);
			name = "runtime 消息转发3--消息转发";
			productName = "runtime 消息转发3--消息转发";
			productReference = 043991C12120358C00B812CB /* runtime 消息转发3--消息转发.app */;
			productType = "com.apple.product-type.application";
		};
/* End PBXNativeTarget section */

/* Begin PBXProject section */
		043991B92120358C00B812CB /* Project object */ = {
			isa = PBXProject;
			attributes = {
				LastUpgradeCheck = 0940;
				ORGANIZATIONNAME = JiWuChao;
				TargetAttributes = {
					043991C02120358C00B812CB = {
						CreatedOnToolsVersion = 9.4.1;
					};
				};
			};
			buildConfigurationList = 043991BC2120358C00B812CB /* Build configuration list for PBXProject "runtime 消息转发3--消息转发" */;
			compatibilityVersion = "Xcode 9.3";
			developmentRegion = en;
			hasScannedForEncodings = 0;
			knownRegions = (
				en,
				Base,
			);
			mainGroup = 043991B82120358C00B812CB;
			productRefGroup = 043991C22120358C00B812CB /* Products */;
			projectDirPath = "";
			projectRoot = "";
			targets = (
				043991C02120358C00B812CB /* runtime 消息转发3--消息转发 */,
			);
		};
/* End PBXProject section */

/* Begin PBXResourcesBuildPhase section */
		043991BF2120358C00B812CB /* Resources */ = {
			isa = PBXResourcesBuildPhase;
			buildActionMask = 2147483647;
			files = (
				043991D12120358D00B812CB /* LaunchScreen.storyboard in Resources */,
				043991CE2120358D00B812CB /* Assets.xcassets in Resources */,
				043991CC2120358C00B812CB /* Main.storyboard in Resources */,
			);
			runOnlyForDeploymentPostprocessing = 0;
		};
/* End PBXResourcesBuildPhase section */

/* Begin PBXSourcesBuildPhase section */
		043991BD2120358C00B812CB /* Sources */ = {
			isa = PBXSourcesBuildPhase;
			buildActionMask = 2147483647;
			files = (
				043991FA2120413300B812CB /* Son.m in Sources */,
				043991C92120358C00B812CB /* ViewController.m in Sources */,
				043991F121203D9600B812CB /* Father.m in Sources */,
				043991D42120358D00B812CB /* main.m in Sources */,
				043991F421203D9F00B812CB /* Grandfather.m in Sources */,
				043991F721203DA600B812CB /* Mother.m in Sources */,
				043991C62120358C00B812CB /* AppDelegate.m in Sources */,
			);
			runOnlyForDeploymentPostprocessing = 0;
		};
/* End PBXSourcesBuildPhase section */

/* Begin PBXVariantGroup section */
		043991CA2120358C00B812CB /* Main.storyboard */ = {
			isa = PBXVariantGroup;
			children = (
				043991CB2120358C00B812CB /* Base */,
			);
			name = Main.storyboard;
			sourceTree = "<group>";
		};
		043991CF2120358D00B812CB /* LaunchScreen.storyboard */ = {
			isa = PBXVariantGroup;
			children = (
				043991D02120358D00B812CB /* Base */,
			);
			name = LaunchScreen.storyboard;
			sourceTree = "<group>";
		};
/* End PBXVariantGroup section */

/* Begin XCBuildConfiguration section */
		043991D52120358D00B812CB /* Debug */ = {
			isa = XCBuildConfiguration;
			buildSettings = {
				ALWAYS_SEARCH_USER_PATHS = NO;
				CLANG_ANALYZER_NONNULL = YES;
				CLANG_ANALYZER_NUMBER_OBJECT_CONVERSION = YES_AGGRESSIVE;
				CLANG_CXX_LANGUAGE_STANDARD = "gnu++14";
				CLANG_CXX_LIBRARY = "libc++";
				CLANG_ENABLE_MODULES = YES;
				CLANG_ENABLE_OBJC_ARC = YES;
				CLANG_ENABLE_OBJC_WEAK = YES;
				CLANG_WARN_BLOCK_CAPTURE_AUTORELEASING = YES;
				CLANG_WARN_BOOL_CONVERSION = YES;
				CLANG_WARN_COMMA = YES;
				CLANG_WARN_CONSTANT_CONVERSION = YES;
				CLANG_WARN_DEPRECATED_OBJC_IMPLEMENTATIONS = YES;
				CLANG_WARN_DIRECT_OBJC_ISA_USAGE = YES_ERROR;
				CLANG_WARN_DOCUMENTATION_COMMENTS = YES;
				CLANG_WARN_EMPTY_BODY = YES;
				CLANG_WARN_ENUM_CONVERSION = YES;
				CLANG_WARN_INFINITE_RECURSION = YES;
				CLANG_WARN_INT_CONVERSION = YES;
				CLANG_WARN_NON_LITERAL_NULL_CONVERSION = YES;
				CLANG_WARN_OBJC_IMPLICIT_RETAIN_SELF = YES;
				CLANG_WARN_OBJC_LITERAL_CONVERSION = YES;
				CLANG_WARN_OBJC_ROOT_CLASS = YES_ERROR;
				CLANG_WARN_RANGE_LOOP_ANALYSIS = YES;
				CLANG_WARN_STRICT_PROTOTYPES = YES;
				CLANG_WARN_SUSPICIOUS_MOVE = YES;
				CLANG_WARN_UNGUARDED_AVAILABILITY = YES_AGGRESSIVE;
				CLANG_WARN_UNREACHABLE_CODE = YES;
				CLANG_WARN__DUPLICATE_METHOD_MATCH = YES;
				CODE_SIGN_IDENTITY = "iPhone Developer";
				COPY_PHASE_STRIP = NO;
				DEBUG_INFORMATION_FORMAT = dwarf;
				ENABLE_STRICT_OBJC_MSGSEND = YES;
				ENABLE_TESTABILITY = YES;
				GCC_C_LANGUAGE_STANDARD = gnu11;
				GCC_DYNAMIC_NO_PIC = NO;
				GCC_NO_COMMON_BLOCKS = YES;
				GCC_OPTIMIZATION_LEVEL = 0;
				GCC_PREPROCESSOR_DEFINITIONS = (
					"DEBUG=1",
					"$(inherited)",
				);
				GCC_WARN_64_TO_32_BIT_CONVERSION = YES;
				GCC_WARN_ABOUT_RETURN_TYPE = YES_ERROR;
				GCC_WARN_UNDECLARED_SELECTOR = YES;
				GCC_WARN_UNINITIALIZED_AUTOS = YES_AGGRESSIVE;
				GCC_WARN_UNUSED_FUNCTION = YES;
				GCC_WARN_UNUSED_VARIABLE = YES;
				IPHONEOS_DEPLOYMENT_TARGET = 11.4;
				MTL_ENABLE_DEBUG_INFO = YES;
				ONLY_ACTIVE_ARCH = YES;
				SDKROOT = iphoneos;
			};
			name = Debug;
		};
		043991D62120358D00B812CB /* Release */ = {
			isa = XCBuildConfiguration;
			buildSettings = {
				ALWAYS_SEARCH_USER_PATHS = NO;
				CLANG_ANALYZER_NONNULL = YES;
				CLANG_ANALYZER_NUMBER_OBJECT_CONVERSION = YES_AGGRESSIVE;
				CLANG_CXX_LANGUAGE_STANDARD = "gnu++14";
				CLANG_CXX_LIBRARY = "libc++";
				CLANG_ENABLE_MODULES = YES;
				CLANG_ENABLE_OBJC_ARC = YES;
				CLANG_ENABLE_OBJC_WEAK = YES;
				CLANG_WARN_BLOCK_CAPTURE_AUTORELEASING = YES;
				CLANG_WARN_BOOL_CONVERSION = YES;
				CLANG_WARN_COMMA = YES;
				CLANG_WARN_CONSTANT_CONVERSION = YES;
				CLANG_WARN_DEPRECATED_OBJC_IMPLEMENTATIONS = YES;
				CLANG_WARN_DIRECT_OBJC_ISA_USAGE = YES_ERROR;
				CLANG_WARN_DOCUMENTATION_COMMENTS = YES;
				CLANG_WARN_EMPTY_BODY = YES;
				CLANG_WARN_ENUM_CONVERSION = YES;
				CLANG_WARN_INFINITE_RECURSION = YES;
				CLANG_WARN_INT_CONVERSION = YES;
				CLANG_WARN_NON_LITERAL_NULL_CONVERSION = YES;
				CLANG_WARN_OBJC_IMPLICIT_RETAIN_SELF = YES;
				CLANG_WARN_OBJC_LITERAL_CONVERSION = YES;
				CLANG_WARN_OBJC_ROOT_CLASS = YES_ERROR;
				CLANG_WARN_RANGE_LOOP_ANALYSIS = YES;
				CLANG_WARN_STRICT_PROTOTYPES = YES;
				CLANG_WARN_SUSPICIOUS_MOVE = YES;
				CLANG_WARN_UNGUARDED_AVAILABILITY = YES_AGGRESSIVE;
				CLANG_WARN_UNREACHABLE_CODE = YES;
				CLANG_WARN__DUPLICATE_METHOD_MATCH = YES;
				CODE_SIGN_IDENTITY = "iPhone Developer";
				COPY_PHASE_STRIP = NO;
				DEBUG_INFORMATION_FORMAT = "dwarf-with-dsym";
				ENABLE_NS_ASSERTIONS = NO;
				ENABLE_STRICT_OBJC_MSGSEND = YES;
				GCC_C_LANGUAGE_STANDARD = gnu11;
				GCC_NO_COMMON_BLOCKS = YES;
				GCC_WARN_64_TO_32_BIT_CONVERSION = YES;
				GCC_WARN_ABOUT_RETURN_TYPE = YES_ERROR;
				GCC_WARN_UNDECLARED_SELECTOR = YES;
				GCC_WARN_UNINITIALIZED_AUTOS = YES_AGGRESSIVE;
				GCC_WARN_UNUSED_FUNCTION = YES;
				GCC_WARN_UNUSED_VARIABLE = YES;
				IPHONEOS_DEPLOYMENT_TARGET = 11.4;
				MTL_ENABLE_DEBUG_INFO = NO;
				SDKROOT = iphoneos;
				VALIDATE_PRODUCT = YES;
			};
			name = Release;
		};
		043991D82120358D00B812CB /* Debug */ = {
			isa = XCBuildConfiguration;
			buildSettings = {
				ASSETCATALOG_COMPILER_APPICON_NAME = AppIcon;
				CODE_SIGN_STYLE = Automatic;
				INFOPLIST_FILE = "runtime 消息转发3--消息转发/Info.plist";
				LD_RUNPATH_SEARCH_PATHS = (
					"$(inherited)",
					"@executable_path/Frameworks",
				);
				PRODUCT_BUNDLE_IDENTIFIER = "JiWuChao.runtime-----3------";
				PRODUCT_NAME = "$(TARGET_NAME)";
				TARGETED_DEVICE_FAMILY = "1,2";
			};
			name = Debug;
		};
		043991D92120358D00B812CB /* Release */ = {
			isa = XCBuildConfiguration;
			buildSettings = {
				ASSETCATALOG_COMPILER_APPICON_NAME = AppIcon;
				CODE_SIGN_STYLE = Automatic;
				INFOPLIST_FILE = "runtime 消息转发3--消息转发/Info.plist";
				LD_RUNPATH_SEARCH_PATHS = (
					"$(inherited)",
					"@executable_path/Frameworks",
				);
				PRODUCT_BUNDLE_IDENTIFIER = "JiWuChao.runtime-----3------";
				PRODUCT_NAME = "$(TARGET_NAME)";
				TARGETED_DEVICE_FAMILY = "1,2";
			};
			name = Release;
		};
/* End XCBuildConfiguration section */

/* Begin XCConfigurationList section */
		043991BC2120358C00B812CB /* Build configuration list for PBXProject "runtime 消息转发3--消息转发" */ = {
			isa = XCConfigurationList;
			buildConfigurations = (
				043991D52120358D00B812CB /* Debug */,
				043991D62120358D00B812CB /* Release */,
			);
			defaultConfigurationIsVisible = 0;
			defaultConfigurationName = Release;
		};
		043991D72120358D00B812CB /* Build configuration list for PBXNativeTarget "runtime 消息转发3--消息转发" */ = {
			isa = XCConfigurationList;
			buildConfigurations = (
				043991D82120358D00B812CB /* Debug */,
				043991D92120358D00B812CB /* Release */,
			);
			defaultConfigurationIsVisible = 0;
			defaultConfigurationName = Release;
		};
/* End XCConfigurationList section */
	};
	rootObject = 043991B92120358C00B812CB /* Project object */;
}
