// !$*UTF8*$!
{
	archiveVersion = 1;
	classes = {
	};
	objectVersion = 50;
	objects = {

/* Begin PBXBuildFile section */
		048D5BE92121D6F000F24857 /* AppDelegate.m in Sources */ = {isa = PBXBuildFile; fileRef = 048D5BE82121D6F000F24857 /* AppDelegate.m */; };
		048D5BEC2121D6F000F24857 /* ViewController.m in Sources */ = {isa = PBXBuildFile; fileRef = 048D5BEB2121D6F000F24857 /* ViewController.m */; };
		048D5BEF2121D6F000F24857 /* Main.storyboard in Resources */ = {isa = PBXBuildFile; fileRef = 048D5BED2121D6F000F24857 /* Main.storyboard */; };
		048D5BF12121D6F200F24857 /* Assets.xcassets in Resources */ = {isa = PBXBuildFile; fileRef = 048D5BF02121D6F200F24857 /* Assets.xcassets */; };
		048D5BF42121D6F200F24857 /* LaunchScreen.storyboard in Resources */ = {isa = PBXBuildFile; fileRef = 048D5BF22121D6F200F24857 /* LaunchScreen.storyboard */; };
		048D5BF72121D6F200F24857 /* main.m in Sources */ = {isa = PBXBuildFile; fileRef = 048D5BF62121D6F200F24857 /* main.m */; };
		048D5BFF2121D70600F24857 /* Father.m in Sources */ = {isa = PBXBuildFile; fileRef = 048D5BFE2121D70600F24857 /* Father.m */; };
		048D5C022121D72900F24857 /* Father+category.m in Sources */ = {isa = PBXBuildFile; fileRef = 048D5C012121D72900F24857 /* Father+category.m */; };
/* End PBXBuildFile section */

/* Begin PBXFileReference section */
		048D5BE42121D6F000F24857 /* runtime --Associated.app */ = {isa = PBXFileReference; explicitFileType = wrapper.application; includeInIndex = 0; path = "runtime --Associated.app"; sourceTree = BUILT_PRODUCTS_DIR; };
		048D5BE72121D6F000F24857 /* AppDelegate.h */ = {isa = PBXFileReference; lastKnownFileType = sourcecode.c.h; path = AppDelegate.h; sourceTree = "<group>"; };
		048D5BE82121D6F000F24857 /* AppDelegate.m */ = {isa = PBXFileReference; lastKnownFileType = sourcecode.c.objc; path = AppDelegate.m; sourceTree = "<group>"; };
		048D5BEA2121D6F000F24857 /* ViewController.h */ = {isa = PBXFileReference; lastKnownFileType = sourcecode.c.h; path = ViewController.h; sourceTree = "<group>"; };
		048D5BEB2121D6F000F24857 /* ViewController.m */ = {isa = PBXFileReference; lastKnownFileType = sourcecode.c.objc; path = ViewController.m; sourceTree = "<group>"; };
		048D5BEE2121D6F000F24857 /* Base */ = {isa = PBXFileReference; lastKnownFileType = file.storyboard; name = Base; path = Base.lproj/Main.storyboard; sourceTree = "<group>"; };
		048D5BF02121D6F200F24857 /* Assets.xcassets */ = {isa = PBXFileReference; lastKnownFileType = folder.assetcatalog; path = Assets.xcassets; sourceTree = "<group>"; };
		048D5BF32121D6F200F24857 /* Base */ = {isa = PBXFileReference; lastKnownFileType = file.storyboard; name = Base; path = Base.lproj/LaunchScreen.storyboard; sourceTree = "<group>"; };
		048D5BF52121D6F200F24857 /* Info.plist */ = {isa = PBXFileReference; lastKnownFileType = text.plist.xml; path = Info.plist; sourceTree = "<group>"; };
		048D5BF62121D6F200F24857 /* main.m */ = {isa = PBXFileReference; lastKnownFileType = sourcecode.c.objc; path = main.m; sourceTree = "<group>"; };
		048D5BFD2121D70600F24857 /* Father.h */ = {isa = PBXFileReference; lastKnownFileType = sourcecode.c.h; path = Father.h; sourceTree = "<group>"; };
		048D5BFE2121D70600F24857 /* Father.m */ = {isa = PBXFileReference; lastKnownFileType = sourcecode.c.objc; path = Father.m; sourceTree = "<group>"; };
		048D5C002121D72900F24857 /* Father+category.h */ = {isa = PBXFileReference; lastKnownFileType = sourcecode.c.h; path = "Father+category.h"; sourceTree = "<group>"; };
		048D5C012121D72900F24857 /* Father+category.m */ = {isa = PBXFileReference; lastKnownFileType = sourcecode.c.objc; path = "Father+category.m"; sourceTree = "<group>"; };
/* End PBXFileReference section */

/* Begin PBXFrameworksBuildPhase section */
		048D5BE12121D6F000F24857 /* Frameworks */ = {
			isa = PBXFrameworksBuildPhase;
			buildActionMask = 2147483647;
			files = (
			);
			runOnlyForDeploymentPostprocessing = 0;
		};
/* End PBXFrameworksBuildPhase section */

/* Begin PBXGroup section */
		048D5BDB2121D6F000F24857 = {
			isa = PBXGroup;
			children = (
				048D5BE62121D6F000F24857 /* runtime --Associated */,
				048D5BE52121D6F000F24857 /* Products */,
			);
			sourceTree = "<group>";
		};
		048D5BE52121D6F000F24857 /* Products */ = {
			isa = PBXGroup;
			children = (
				048D5BE42121D6F000F24857 /* runtime --Associated.app */,
			);
			name = Products;
			sourceTree = "<group>";
		};
		048D5BE62121D6F000F24857 /* runtime --Associated */ = {
			isa = PBXGroup;
			children = (
				048D5BE72121D6F000F24857 /* AppDelegate.h */,
				048D5BE82121D6F000F24857 /* AppDelegate.m */,
				048D5BEA2121D6F000F24857 /* ViewController.h */,
				048D5BEB2121D6F000F24857 /* ViewController.m */,
				048D5C002121D72900F24857 /* Father+category.h */,
				048D5C012121D72900F24857 /* Father+category.m */,
				048D5BFD2121D70600F24857 /* Father.h */,
				048D5BFE2121D70600F24857 /* Father.m */,
				048D5BED2121D6F000F24857 /* Main.storyboard */,
				048D5BF02121D6F200F24857 /* Assets.xcassets */,
				048D5BF22121D6F200F24857 /* LaunchScreen.storyboard */,
				048D5BF52121D6F200F24857 /* Info.plist */,
				048D5BF62121D6F200F24857 /* main.m */,
			);
			path = "runtime --Associated";
			sourceTree = "<group>";
		};
/* End PBXGroup section */

/* Begin PBXNativeTarget section */
		048D5BE32121D6F000F24857 /* runtime --Associated */ = {
			isa = PBXNativeTarget;
			buildConfigurationList = 048D5BFA2121D6F200F24857 /* Build configuration list for PBXNativeTarget "runtime --Associated" */;
			buildPhases = (
				048D5BE02121D6F000F24857 /* Sources */,
				048D5BE12121D6F000F24857 /* Frameworks */,
				048D5BE22121D6F000F24857 /* Resources */,
			);
			buildRules = (
			);
			dependencies = (
			);
			name = "runtime --Associated";
			productName = "runtime --Associated";
			productReference = 048D5BE42121D6F000F24857 /* runtime --Associated.app */;
			productType = "com.apple.product-type.application";
		};
/* End PBXNativeTarget section */

/* Begin PBXProject section */
		048D5BDC2121D6F000F24857 /* Project object */ = {
			isa = PBXProject;
			attributes = {
				LastUpgradeCheck = 0940;
				ORGANIZATIONNAME = JiWuChao;
				TargetAttributes = {
					048D5BE32121D6F000F24857 = {
						CreatedOnToolsVersion = 9.4.1;
					};
				};
			};
			buildConfigurationList = 048D5BDF2121D6F000F24857 /* Build configuration list for PBXProject "runtime --Associated" */;
			compatibilityVersion = "Xcode 9.3";
			developmentRegion = en;
			hasScannedForEncodings = 0;
			knownRegions = (
				en,
				Base,
			);
			mainGroup = 048D5BDB2121D6F000F24857;
			productRefGroup = 048D5BE52121D6F000F24857 /* Products */;
			projectDirPath = "";
			projectRoot = "";
			targets = (
				048D5BE32121D6F000F24857 /* runtime --Associated */,
			);
		};
/* End PBXProject section */

/* Begin PBXResourcesBuildPhase section */
		048D5BE22121D6F000F24857 /* Resources */ = {
			isa = PBXResourcesBuildPhase;
			buildActionMask = 2147483647;
			files = (
				048D5BF42121D6F200F24857 /* LaunchScreen.storyboard in Resources */,
				048D5BF12121D6F200F24857 /* Assets.xcassets in Resources */,
				048D5BEF2121D6F000F24857 /* Main.storyboard in Resources */,
			);
			runOnlyForDeploymentPostprocessing = 0;
		};
/* End PBXResourcesBuildPhase section */

/* Begin PBXSourcesBuildPhase section */
		048D5BE02121D6F000F24857 /* Sources */ = {
			isa = PBXSourcesBuildPhase;
			buildActionMask = 2147483647;
			files = (
				048D5C022121D72900F24857 /* Father+category.m in Sources */,
				048D5BEC2121D6F000F24857 /* ViewController.m in Sources */,
				048D5BFF2121D70600F24857 /* Father.m in Sources */,
				048D5BF72121D6F200F24857 /* main.m in Sources */,
				048D5BE92121D6F000F24857 /* AppDelegate.m in Sources */,
			);
			runOnlyForDeploymentPostprocessing = 0;
		};
/* End PBXSourcesBuildPhase section */

/* Begin PBXVariantGroup section */
		048D5BED2121D6F000F24857 /* Main.storyboard */ = {
			isa = PBXVariantGroup;
			children = (
				048D5BEE2121D6F000F24857 /* Base */,
			);
			name = Main.storyboard;
			sourceTree = "<group>";
		};
		048D5BF22121D6F200F24857 /* LaunchScreen.storyboard */ = {
			isa = PBXVariantGroup;
			children = (
				048D5BF32121D6F200F24857 /* Base */,
			);
			name = LaunchScreen.storyboard;
			sourceTree = "<group>";
		};
/* End PBXVariantGroup section */

/* Begin XCBuildConfiguration section */
		048D5BF82121D6F200F24857 /* Debug */ = {
			isa = XCBuildConfiguration;
			buildSettings = {
				ALWAYS_SEARCH_USER_PATHS = NO;
				CLANG_ANALYZER_NONNULL = YES;
				CLANG_ANALYZER_NUMBER_OBJECT_CONVERSION = YES_AGGRESSIVE;
				CLANG_CXX_LANGUAGE_STANDARD = "gnu++14";
				CLANG_CXX_LIBRARY = "libc++";
				CLANG_ENABLE_MODULES = YES;
				CLANG_ENABLE_OBJC_ARC = YES;
				CLANG_ENABLE_OBJC_WEAK = YES;
				CLANG_WARN_BLOCK_CAPTURE_AUTORELEASING = YES;
				CLANG_WARN_BOOL_CONVERSION = YES;
				CLANG_WARN_COMMA = YES;
				CLANG_WARN_CONSTANT_CONVERSION = YES;
				CLANG_WARN_DEPRECATED_OBJC_IMPLEMENTATIONS = YES;
				CLANG_WARN_DIRECT_OBJC_ISA_USAGE = YES_ERROR;
				CLANG_WARN_DOCUMENTATION_COMMENTS = YES;
				CLANG_WARN_EMPTY_BODY = YES;
				CLANG_WARN_ENUM_CONVERSION = YES;
				CLANG_WARN_INFINITE_RECURSION = YES;
				CLANG_WARN_INT_CONVERSION = YES;
				CLANG_WARN_NON_LITERAL_NULL_CONVERSION = YES;
				CLANG_WARN_OBJC_IMPLICIT_RETAIN_SELF = YES;
				CLANG_WARN_OBJC_LITERAL_CONVERSION = YES;
				CLANG_WARN_OBJC_ROOT_CLASS = YES_ERROR;
				CLANG_WARN_RANGE_LOOP_ANALYSIS = YES;
				CLANG_WARN_STRICT_PROTOTYPES = YES;
				CLANG_WARN_SUSPICIOUS_MOVE = YES;
				CLANG_WARN_UNGUARDED_AVAILABILITY = YES_AGGRESSIVE;
				CLANG_WARN_UNREACHABLE_CODE = YES;
				CLANG_WARN__DUPLICATE_METHOD_MATCH = YES;
				CODE_SIGN_IDENTITY = "iPhone Developer";
				COPY_PHASE_STRIP = NO;
				DEBUG_INFORMATION_FORMAT = dwarf;
				ENABLE_STRICT_OBJC_MSGSEND = YES;
				ENABLE_TESTABILITY = YES;
				GCC_C_LANGUAGE_STANDARD = gnu11;
				GCC_DYNAMIC_NO_PIC = NO;
				GCC_NO_COMMON_BLOCKS = YES;
				GCC_OPTIMIZATION_LEVEL = 0;
				GCC_PREPROCESSOR_DEFINITIONS = (
					"DEBUG=1",
					"$(inherited)",
				);
				GCC_WARN_64_TO_32_BIT_CONVERSION = YES;
				GCC_WARN_ABOUT_RETURN_TYPE = YES_ERROR;
				GCC_WARN_UNDECLARED_SELECTOR = YES;
				GCC_WARN_UNINITIALIZED_AUTOS = YES_AGGRESSIVE;
				GCC_WARN_UNUSED_FUNCTION = YES;
				GCC_WARN_UNUSED_VARIABLE = YES;
				IPHONEOS_DEPLOYMENT_TARGET = 11.4;
				MTL_ENABLE_DEBUG_INFO = YES;
				ONLY_ACTIVE_ARCH = YES;
				SDKROOT = iphoneos;
			};
			name = Debug;
		};
		048D5BF92121D6F200F24857 /* Release */ = {
			isa = XCBuildConfiguration;
			buildSettings = {
				ALWAYS_SEARCH_USER_PATHS = NO;
				CLANG_ANALYZER_NONNULL = YES;
				CLANG_ANALYZER_NUMBER_OBJECT_CONVERSION = YES_AGGRESSIVE;
				CLANG_CXX_LANGUAGE_STANDARD = "gnu++14";
				CLANG_CXX_LIBRARY = "libc++";
				CLANG_ENABLE_MODULES = YES;
				CLANG_ENABLE_OBJC_ARC = YES;
				CLANG_ENABLE_OBJC_WEAK = YES;
				CLANG_WARN_BLOCK_CAPTURE_AUTORELEASING = YES;
				CLANG_WARN_BOOL_CONVERSION = YES;
				CLANG_WARN_COMMA = YES;
				CLANG_WARN_CONSTANT_CONVERSION = YES;
				CLANG_WARN_DEPRECATED_OBJC_IMPLEMENTATIONS = YES;
				CLANG_WARN_DIRECT_OBJC_ISA_USAGE = YES_ERROR;
				CLANG_WARN_DOCUMENTATION_COMMENTS = YES;
				CLANG_WARN_EMPTY_BODY = YES;
				CLANG_WARN_ENUM_CONVERSION = YES;
				CLANG_WARN_INFINITE_RECURSION = YES;
				CLANG_WARN_INT_CONVERSION = YES;
				CLANG_WARN_NON_LITERAL_NULL_CONVERSION = YES;
				CLANG_WARN_OBJC_IMPLICIT_RETAIN_SELF = YES;
				CLANG_WARN_OBJC_LITERAL_CONVERSION = YES;
				CLANG_WARN_OBJC_ROOT_CLASS = YES_ERROR;
				CLANG_WARN_RANGE_LOOP_ANALYSIS = YES;
				CLANG_WARN_STRICT_PROTOTYPES = YES;
				CLANG_WARN_SUSPICIOUS_MOVE = YES;
				CLANG_WARN_UNGUARDED_AVAILABILITY = YES_AGGRESSIVE;
				CLANG_WARN_UNREACHABLE_CODE = YES;
				CLANG_WARN__DUPLICATE_METHOD_MATCH = YES;
				CODE_SIGN_IDENTITY = "iPhone Developer";
				COPY_PHASE_STRIP = NO;
				DEBUG_INFORMATION_FORMAT = "dwarf-with-dsym";
				ENABLE_NS_ASSERTIONS = NO;
				ENABLE_STRICT_OBJC_MSGSEND = YES;
				GCC_C_LANGUAGE_STANDARD = gnu11;
				GCC_NO_COMMON_BLOCKS = YES;
				GCC_WARN_64_TO_32_BIT_CONVERSION = YES;
				GCC_WARN_ABOUT_RETURN_TYPE = YES_ERROR;
				GCC_WARN_UNDECLARED_SELECTOR = YES;
				GCC_WARN_UNINITIALIZED_AUTOS = YES_AGGRESSIVE;
				GCC_WARN_UNUSED_FUNCTION = YES;
				GCC_WARN_UNUSED_VARIABLE = YES;
				IPHONEOS_DEPLOYMENT_TARGET = 11.4;
				MTL_ENABLE_DEBUG_INFO = NO;
				SDKROOT = iphoneos;
				VALIDATE_PRODUCT = YES;
			};
			name = Release;
		};
		048D5BFB2121D6F200F24857 /* Debug */ = {
			isa = XCBuildConfiguration;
			buildSettings = {
				ASSETCATALOG_COMPILER_APPICON_NAME = AppIcon;
				CODE_SIGN_STYLE = Automatic;
				INFOPLIST_FILE = "runtime --Associated/Info.plist";
				LD_RUNPATH_SEARCH_PATHS = (
					"$(inherited)",
					"@executable_path/Frameworks",
				);
				PRODUCT_BUNDLE_IDENTIFIER = "JiWuChao.runtime---Associated";
				PRODUCT_NAME = "$(TARGET_NAME)";
				TARGETED_DEVICE_FAMILY = "1,2";
			};
			name = Debug;
		};
		048D5BFC2121D6F200F24857 /* Release */ = {
			isa = XCBuildConfiguration;
			buildSettings = {
				ASSETCATALOG_COMPILER_APPICON_NAME = AppIcon;
				CODE_SIGN_STYLE = Automatic;
				INFOPLIST_FILE = "runtime --Associated/Info.plist";
				LD_RUNPATH_SEARCH_PATHS = (
					"$(inherited)",
					"@executable_path/Frameworks",
				);
				PRODUCT_BUNDLE_IDENTIFIER = "JiWuChao.runtime---Associated";
				PRODUCT_NAME = "$(TARGET_NAME)";
				TARGETED_DEVICE_FAMILY = "1,2";
			};
			name = Release;
		};
/* End XCBuildConfiguration section */

/* Begin XCConfigurationList section */
		048D5BDF2121D6F000F24857 /* Build configuration list for PBXProject "runtime --Associated" */ = {
			isa = XCConfigurationList;
			buildConfigurations = (
				048D5BF82121D6F200F24857 /* Debug */,
				048D5BF92121D6F200F24857 /* Release */,
			);
			defaultConfigurationIsVisible = 0;
			defaultConfigurationName = Release;
		};
		048D5BFA2121D6F200F24857 /* Build configuration list for PBXNativeTarget "runtime --Associated" */ = {
			isa = XCConfigurationList;
			buildConfigurations = (
				048D5BFB2121D6F200F24857 /* Debug */,
				048D5BFC2121D6F200F24857 /* Release */,
			);
			defaultConfigurationIsVisible = 0;
			defaultConfigurationName = Release;
		};
/* End XCConfigurationList section */
	};
	rootObject = 048D5BDC2121D6F000F24857 /* Project object */;
}
